{
  "name": "certificate-issuance-system",
  "version": "1.0.0",
  "lockfileVersion": 3,
  "requires": true,
  "packages": {
    "": {
      "name": "certificate-issuance-system",
      "version": "1.0.0",
      "license": "ISC",
      "dependencies": {
        "@openzeppelin/contracts": "^5.4.0",
        "forge-std": "github:foundry-rs/forge-std"
      },
      "devDependencies": {
        "@types/chai": "^5.2.2",
        "chai": "^6.0.1"
      }
    },
    "node_modules/@openzeppelin/contracts": {
      "version": "5.4.0",
      "resolved": "https://registry.npmjs.org/@openzeppelin/contracts/-/contracts-5.4.0.tgz",
      "integrity": "sha512-eCYgWnLg6WO+X52I16TZt8uEjbtdkgLC0SUX/xnAksjjrQI4Xfn4iBRoI5j55dmlOhDv1Y7BoR3cU7e3WWhC6A==",
      "license": "MIT"
    },
    "node_modules/@types/chai": {
      "version": "5.2.2",
      "resolved": "https://registry.npmjs.org/@types/chai/-/chai-5.2.2.tgz",
      "integrity": "sha512-8kB30R7Hwqf40JPiKhVzodJs2Qc1ZJ5zuT3uzw5Hq/dhNCl3G3l83jfpdI1e20BP348+fV7VIL/+FxaXkqBmWg==",
      "dev": true,
      "license": "MIT",
      "dependencies": {
        "@types/deep-eql": "*"
      }
    },
    "node_modules/@types/deep-eql": {
      "version": "4.0.2",
      "resolved": "https://registry.npmjs.org/@types/deep-eql/-/deep-eql-4.0.2.tgz",
      "integrity": "sha512-c9h9dVVMigMPc4bwTvC5dxqtqJZwQPePsWjPlpSOnojbor6pGqdk541lfA7AqFQr5pB1BRdq0juY9db81BwyFw==",
      "dev": true,
      "license": "MIT"
    },
    "node_modules/chai": {
      "version": "6.0.1",
      "resolved": "https://registry.npmjs.org/chai/-/chai-6.0.1.tgz",
      "integrity": "sha512-/JOoU2//6p5vCXh00FpNgtlw0LjvhGttaWc+y7wpW9yjBm3ys0dI8tSKZxIOgNruz5J0RleccatSIC3uxEZP0g==",
      "dev": true,
      "license": "MIT",
      "engines": {
        "node": ">=18"
      }
    },
    "node_modules/forge-std": {
      "version": "1.10.0",
      "resolved": "git+ssh://git@github.com/foundry-rs/forge-std.git#0768d9c08c085c79bb31d88683a78770764fec49",
      "license": "(Apache-2.0 OR MIT)"
    }
  }
}
